
Microsoft Visual Studio Solution File, Format Version 11.00
# Visual Studio 2010
Project("{F184B08F-C81C-45F6-A57F-5ABD9991F28F}") = "Odd_Even", "Odd_Even\Odd_Even.vbproj", "{AD83F089-6C87-42A0-9856-D5DE4CADCAD0}"
EndProject
Global
	GlobalSection(SolutionConfigurationPlatforms) = preSolution
		Debug|x86 = Debug|x86
		Release|x86 = Release|x86
	EndGlobalSection
	GlobalSection(ProjectConfigurationPlatforms) = postSolution
		{AD83F089-6C87-42A0-9856-D5DE4CADCAD0}.Debug|x86.ActiveCfg = Debug|x86
		{AD83F089-6C87-42A0-9856-D5DE4CADCAD0}.Debug|x86.Build.0 = Debug|x86
		{AD83F089-6C87-42A0-9856-D5DE4CADCAD0}.Release|x86.ActiveCfg = Release|x86
		{AD83F089-6C87-42A0-9856-D5DE4CADCAD0}.Release|x86.Build.0 = Release|x86
	EndGlobalSection
	GlobalSection(SolutionProperties) = preSolution
		HideSolutionNode = FALSE
	EndGlobalSection
EndGlobal
